
Microsoft Visual Studio Solution File, Format Version 11.00
# Visual Studio 2010
# SharpDevelop 4.2.1.8805
Project("{FAE04EC0-301F-11D3-BF4B-00C04F79EFBC}") = "crcmanip-gui", "crcmanip-gui.csproj", "{3C05AC4C-BE1F-4251-B168-378E4B4D9E08}"
EndProject
Global
	GlobalSection(SolutionConfigurationPlatforms) = preSolution
		Debug|x86 = Debug|x86
		Release|x86 = Release|x86
	EndGlobalSection
	GlobalSection(ProjectConfigurationPlatforms) = postSolution
		{3C05AC4C-BE1F-4251-B168-378E4B4D9E08}.Debug|x86.Build.0 = Debug|x86
		{3C05AC4C-BE1F-4251-B168-378E4B4D9E08}.Debug|x86.ActiveCfg = Debug|x86
		{3C05AC4C-BE1F-4251-B168-378E4B4D9E08}.Release|x86.Build.0 = Release|x86
		{3C05AC4C-BE1F-4251-B168-378E4B4D9E08}.Release|x86.ActiveCfg = Release|x86
	EndGlobalSection
EndGlobal
