<?xml version="1.0" encoding="UTF-8" standalone="yes" ?>
<CodeBlocks_project_file>
	<FileVersion major="1" minor="6" />
	<Project>
		<Option title="crcmanip" />
		<Option pch_mode="2" />
		<Option compiler="gcc" />
		<Build>
			<Target title="debug">
				<Option output="bin\debug\crcmanip" prefix_auto="1" extension_auto="1" />
				<Option object_output="obj\debug\" />
				<Option type="1" />
				<Option compiler="gcc" />
				<Compiler>
					<Add option="-g" />
				</Compiler>
			</Target>
			<Target title="release">
				<Option output="bin\release\crcmanip" prefix_auto="1" extension_auto="1" />
				<Option object_output="obj\release\" />
				<Option type="1" />
				<Option compiler="gcc" />
				<Compiler>
					<Add option="-Os" />
					<Add option="-O3" />
					<Add option="-DNDEBUG" />
				</Compiler>
				<Linker>
					<Add option="-s" />
				</Linker>
			</Target>
		</Build>
		<Compiler>
			<Add option="-Wall" />
		</Compiler>
		<Unit filename="CRC\CRC.cpp" />
		<Unit filename="CRC\CRC.h" />
		<Unit filename="CRC\CRC16CCITT.cpp" />
		<Unit filename="CRC\CRC16CCITT.h" />
		<Unit filename="CRC\CRC16IBM.cpp" />
		<Unit filename="CRC\CRC16IBM.h" />
		<Unit filename="CRC\CRC32.cpp" />
		<Unit filename="CRC\CRC32.h" />
		<Unit filename="File\FileBufferedAdapter.cpp" />
		<Unit filename="File\FileBufferedAdapter.h" />
		<Unit filename="File\FileDirectAdapter.cpp" />
		<Unit filename="File\FileDirectAdapter.h" />
		<Unit filename="File\FileFactory.cpp" />
		<Unit filename="File\FileFactory.h" />
		<Unit filename="File\IFile.cpp" />
		<Unit filename="File\IFile.h" />
		<Unit filename="crcmanip.cpp" />
		<Unit filename="debug.cpp" />
		<Unit filename="debug.h" />
		<Unit filename="version.h" />
		<Extensions>
			<code_completion />
			<debugger />
		</Extensions>
	</Project>
</CodeBlocks_project_file>
